{
  "name": "@landry_pouth/ai-learn",
  "version": "0.3.0",
  "lockfileVersion": 3,
  "requires": true,
  "packages": {
    "": {
      "name": "@landry_pouth/ai-learn",
      "version": "0.3.0",
      "license": "MIT",
      "bin": {
        "ai-learn": "bin/ai-learn.js"
      },
      "engines": {
        "node": ">=18"
      }
    }
  }
}
